
Microsoft Visual Studio Solution File, Format Version 12.00
# Visual Studio Version 17
VisualStudioVersion = 17.4.33122.133
MinimumVisualStudioVersion = 10.0.40219.1
Project("{FAE04EC0-301F-11D3-BF4B-00C04F79EFBC}") = "List_vs_ObservableCollection", "List_vs_ObservableCollection\List_vs_ObservableCollection.csproj", "{7617EA20-EDC9-4050-9409-0BCC62AE9F85}"
EndProject
Global
	GlobalSection(SolutionConfigurationPlatforms) = preSolution
		Debug|Any CPU = Debug|Any CPU
		Release|Any CPU = Release|Any CPU
	EndGlobalSection
	GlobalSection(ProjectConfigurationPlatforms) = postSolution
		{7617EA20-EDC9-4050-9409-0BCC62AE9F85}.Debug|Any CPU.ActiveCfg = Debug|Any CPU
		{7617EA20-EDC9-4050-9409-0BCC62AE9F85}.Debug|Any CPU.Build.0 = Debug|Any CPU
		{7617EA20-EDC9-4050-9409-0BCC62AE9F85}.Release|Any CPU.ActiveCfg = Release|Any CPU
		{7617EA20-EDC9-4050-9409-0BCC62AE9F85}.Release|Any CPU.Build.0 = Release|Any CPU
	EndGlobalSection
	GlobalSection(SolutionProperties) = preSolution
		HideSolutionNode = FALSE
	EndGlobalSection
	GlobalSection(ExtensibilityGlobals) = postSolution
		SolutionGuid = {C4C24BC3-3904-415D-B992-D9CF5EED32B3}
	EndGlobalSection
EndGlobal
